
Microsoft Visual Studio Solution File, Format Version 12.00
# Visual Studio Version 17
VisualStudioVersion = 17.10.35122.118
MinimumVisualStudioVersion = 10.0.40219.1
Project("{888888A0-9F3D-457C-B088-3A5042F75D52}") = "trading bot", "trading bot.pyproj", "{35805951-C63E-4F1D-BE6C-BA6437F0F448}"
EndProject
Global
	GlobalSection(SolutionConfigurationPlatforms) = preSolution
		Debug|Any CPU = Debug|Any CPU
		Release|Any CPU = Release|Any CPU
	EndGlobalSection
	GlobalSection(ProjectConfigurationPlatforms) = postSolution
		{35805951-C63E-4F1D-BE6C-BA6437F0F448}.Debug|Any CPU.ActiveCfg = Debug|Any CPU
		{35805951-C63E-4F1D-BE6C-BA6437F0F448}.Release|Any CPU.ActiveCfg = Release|Any CPU
	EndGlobalSection
	GlobalSection(SolutionProperties) = preSolution
		HideSolutionNode = FALSE
	EndGlobalSection
	GlobalSection(ExtensibilityGlobals) = postSolution
		SolutionGuid = {D410DAF7-72CA-4C6E-A495-282AEDDDDF96}
	EndGlobalSection
EndGlobal
